
Microsoft Visual Studio Solution File, Format Version 12.00
# Visual Studio Version 17
VisualStudioVersion = 17.4.33110.190
MinimumVisualStudioVersion = 10.0.40219.1
Project("{9A19103F-16F7-4668-BE54-9A1E7A4F7556}") = "OnlineCoursePlatform.Web", "OnlineCoursePlatform.Web\OnlineCoursePlatform.Web.csproj", "{6F172789-32E9-4087-A033-4BFDB6B3D4B3}"
EndProject
Project("{9A19103F-16F7-4668-BE54-9A1E7A4F7556}") = "OnlineCoursePlatform.DataLayer", "OnlineCoursePlatform.DataLayer\OnlineCoursePlatform.DataLayer.csproj", "{B04C3B26-FDDA-40E0-B8B5-534DA85E8B6E}"
EndProject
Project("{9A19103F-16F7-4668-BE54-9A1E7A4F7556}") = "OnlineCoursePlatform.Core", "OnlineCoursePlatform.Core\OnlineCoursePlatform.Core.csproj", "{715EF366-7484-46D3-986E-1AF7783B7A53}"
EndProject
Global
	GlobalSection(SolutionConfigurationPlatforms) = preSolution
		Debug|Any CPU = Debug|Any CPU
		Release|Any CPU = Release|Any CPU
	EndGlobalSection
	GlobalSection(ProjectConfigurationPlatforms) = postSolution
		{6F172789-32E9-4087-A033-4BFDB6B3D4B3}.Debug|Any CPU.ActiveCfg = Debug|Any CPU
		{6F172789-32E9-4087-A033-4BFDB6B3D4B3}.Debug|Any CPU.Build.0 = Debug|Any CPU
		{6F172789-32E9-4087-A033-4BFDB6B3D4B3}.Release|Any CPU.ActiveCfg = Release|Any CPU
		{6F172789-32E9-4087-A033-4BFDB6B3D4B3}.Release|Any CPU.Build.0 = Release|Any CPU
		{B04C3B26-FDDA-40E0-B8B5-534DA85E8B6E}.Debug|Any CPU.ActiveCfg = Debug|Any CPU
		{B04C3B26-FDDA-40E0-B8B5-534DA85E8B6E}.Debug|Any CPU.Build.0 = Debug|Any CPU
		{B04C3B26-FDDA-40E0-B8B5-534DA85E8B6E}.Release|Any CPU.ActiveCfg = Release|Any CPU
		{B04C3B26-FDDA-40E0-B8B5-534DA85E8B6E}.Release|Any CPU.Build.0 = Release|Any CPU
		{715EF366-7484-46D3-986E-1AF7783B7A53}.Debug|Any CPU.ActiveCfg = Debug|Any CPU
		{715EF366-7484-46D3-986E-1AF7783B7A53}.Debug|Any CPU.Build.0 = Debug|Any CPU
		{715EF366-7484-46D3-986E-1AF7783B7A53}.Release|Any CPU.ActiveCfg = Release|Any CPU
		{715EF366-7484-46D3-986E-1AF7783B7A53}.Release|Any CPU.Build.0 = Release|Any CPU
	EndGlobalSection
	GlobalSection(SolutionProperties) = preSolution
		HideSolutionNode = FALSE
	EndGlobalSection
	GlobalSection(ExtensibilityGlobals) = postSolution
		SolutionGuid = {DE608410-DC7F-4D0D-8C8C-DF4B80B034D4}
	EndGlobalSection
EndGlobal
